
Microsoft Visual Studio Solution File, Format Version 12.00
# Visual Studio 15
VisualStudioVersion = 15.0.26228.10
MinimumVisualStudioVersion = 10.0.40219.1
Project("{2150E333-8FDC-42A3-9474-1A3956D46DE8}") = "src", "src", "{0E7C422B-F8C0-433E-9E54-D3D55968222D}"
EndProject
Project("{2150E333-8FDC-42A3-9474-1A3956D46DE8}") = "tests", "tests", "{7509F81A-396A-4765-AF64-F5DB3ECD227C}"
EndProject
Project("{9A19103F-16F7-4668-BE54-9A1E7A4F7556}") = "QLNet", "src\QLNet\QLNet.csproj", "{A12A9BB7-9C80-4ED2-ADA7-A267D1D36DA4}"
EndProject
Project("{9A19103F-16F7-4668-BE54-9A1E7A4F7556}") = "QLNet.Tests", "tests\QLNet.Tests\QLNet.Tests.csproj", "{5D0C9349-1A5B-455F-9485-0EF4860C8F62}"
EndProject
Project("{9A19103F-16F7-4668-BE54-9A1E7A4F7556}") = "BermudanSwaption", "src\BermudanSwaption\BermudanSwaption.csproj", "{B616E3F5-7201-4BE2-801D-6A084F77690E}"
EndProject
Project("{9A19103F-16F7-4668-BE54-9A1E7A4F7556}") = "Bonds", "src\Bonds\Bonds.csproj", "{39C6B719-526E-4BEF-98E6-8E48319ABF0B}"
EndProject
Project("{9A19103F-16F7-4668-BE54-9A1E7A4F7556}") = "CallableBonds", "src\CallableBonds\CallableBonds.csproj", "{0B96DC4B-9B75-4926-A583-1D049B88731E}"
EndProject
Project("{9A19103F-16F7-4668-BE54-9A1E7A4F7556}") = "CVAIRS", "src\CVAIRS\CVAIRS.csproj", "{C2D21176-2143-48C3-A364-D6ED28B0FAD7}"
EndProject
Project("{9A19103F-16F7-4668-BE54-9A1E7A4F7556}") = "EquityOption", "src\EquityOption\EquityOption.csproj", "{A11F2EEA-C561-42C3-A3C0-BDBF8A8A0758}"
EndProject
Project("{9A19103F-16F7-4668-BE54-9A1E7A4F7556}") = "FittedBondCurve", "src\FittedBondCurve\FittedBondCurve.csproj", "{4AB97803-A149-45C0-9D8B-5E93851E296B}"
EndProject
Project("{9A19103F-16F7-4668-BE54-9A1E7A4F7556}") = "FRA", "src\FRA\FRA.csproj", "{683CF269-1F05-4C9B-9DCC-877977BC8C25}"
EndProject
Project("{9A19103F-16F7-4668-BE54-9A1E7A4F7556}") = "Repo", "src\Repo\Repo.csproj", "{40456B2A-0B05-4DF1-951E-504BB339452A}"
EndProject
Project("{9A19103F-16F7-4668-BE54-9A1E7A4F7556}") = "Swap", "src\Swap\Swap.csproj", "{A653D5D9-660D-4DB2-938C-1676F5E35033}"
EndProject
Project("{2150E333-8FDC-42A3-9474-1A3956D46DE8}") = "Solution items", "Solution items", "{34928661-39E8-4406-8418-EF771527B2ED}"
	ProjectSection(SolutionItems) = preProject
		README.md = README.md
	EndProjectSection
EndProject
Global
	GlobalSection(SolutionConfigurationPlatforms) = preSolution
		Debug|Any CPU = Debug|Any CPU
		Release|Any CPU = Release|Any CPU
	EndGlobalSection
	GlobalSection(ProjectConfigurationPlatforms) = postSolution
		{A12A9BB7-9C80-4ED2-ADA7-A267D1D36DA4}.Debug|Any CPU.ActiveCfg = Debug|Any CPU
		{A12A9BB7-9C80-4ED2-ADA7-A267D1D36DA4}.Debug|Any CPU.Build.0 = Debug|Any CPU
		{A12A9BB7-9C80-4ED2-ADA7-A267D1D36DA4}.Release|Any CPU.ActiveCfg = Release|Any CPU
		{A12A9BB7-9C80-4ED2-ADA7-A267D1D36DA4}.Release|Any CPU.Build.0 = Release|Any CPU
		{5D0C9349-1A5B-455F-9485-0EF4860C8F62}.Debug|Any CPU.ActiveCfg = Debug|Any CPU
		{5D0C9349-1A5B-455F-9485-0EF4860C8F62}.Debug|Any CPU.Build.0 = Debug|Any CPU
		{5D0C9349-1A5B-455F-9485-0EF4860C8F62}.Release|Any CPU.ActiveCfg = Release|Any CPU
		{5D0C9349-1A5B-455F-9485-0EF4860C8F62}.Release|Any CPU.Build.0 = Release|Any CPU
		{B616E3F5-7201-4BE2-801D-6A084F77690E}.Debug|Any CPU.ActiveCfg = Debug|Any CPU
		{B616E3F5-7201-4BE2-801D-6A084F77690E}.Debug|Any CPU.Build.0 = Debug|Any CPU
		{B616E3F5-7201-4BE2-801D-6A084F77690E}.Release|Any CPU.ActiveCfg = Release|Any CPU
		{B616E3F5-7201-4BE2-801D-6A084F77690E}.Release|Any CPU.Build.0 = Release|Any CPU
		{39C6B719-526E-4BEF-98E6-8E48319ABF0B}.Debug|Any CPU.ActiveCfg = Debug|Any CPU
		{39C6B719-526E-4BEF-98E6-8E48319ABF0B}.Debug|Any CPU.Build.0 = Debug|Any CPU
		{39C6B719-526E-4BEF-98E6-8E48319ABF0B}.Release|Any CPU.ActiveCfg = Release|Any CPU
		{39C6B719-526E-4BEF-98E6-8E48319ABF0B}.Release|Any CPU.Build.0 = Release|Any CPU
		{0B96DC4B-9B75-4926-A583-1D049B88731E}.Debug|Any CPU.ActiveCfg = Debug|Any CPU
		{0B96DC4B-9B75-4926-A583-1D049B88731E}.Debug|Any CPU.Build.0 = Debug|Any CPU
		{0B96DC4B-9B75-4926-A583-1D049B88731E}.Release|Any CPU.ActiveCfg = Release|Any CPU
		{0B96DC4B-9B75-4926-A583-1D049B88731E}.Release|Any CPU.Build.0 = Release|Any CPU
		{C2D21176-2143-48C3-A364-D6ED28B0FAD7}.Debug|Any CPU.ActiveCfg = Debug|Any CPU
		{C2D21176-2143-48C3-A364-D6ED28B0FAD7}.Debug|Any CPU.Build.0 = Debug|Any CPU
		{C2D21176-2143-48C3-A364-D6ED28B0FAD7}.Release|Any CPU.ActiveCfg = Release|Any CPU
		{C2D21176-2143-48C3-A364-D6ED28B0FAD7}.Release|Any CPU.Build.0 = Release|Any CPU
		{A11F2EEA-C561-42C3-A3C0-BDBF8A8A0758}.Debug|Any CPU.ActiveCfg = Debug|Any CPU
		{A11F2EEA-C561-42C3-A3C0-BDBF8A8A0758}.Debug|Any CPU.Build.0 = Debug|Any CPU
		{A11F2EEA-C561-42C3-A3C0-BDBF8A8A0758}.Release|Any CPU.ActiveCfg = Release|Any CPU
		{A11F2EEA-C561-42C3-A3C0-BDBF8A8A0758}.Release|Any CPU.Build.0 = Release|Any CPU
		{4AB97803-A149-45C0-9D8B-5E93851E296B}.Debug|Any CPU.ActiveCfg = Debug|Any CPU
		{4AB97803-A149-45C0-9D8B-5E93851E296B}.Debug|Any CPU.Build.0 = Debug|Any CPU
		{4AB97803-A149-45C0-9D8B-5E93851E296B}.Release|Any CPU.ActiveCfg = Release|Any CPU
		{4AB97803-A149-45C0-9D8B-5E93851E296B}.Release|Any CPU.Build.0 = Release|Any CPU
		{683CF269-1F05-4C9B-9DCC-877977BC8C25}.Debug|Any CPU.ActiveCfg = Debug|Any CPU
		{683CF269-1F05-4C9B-9DCC-877977BC8C25}.Debug|Any CPU.Build.0 = Debug|Any CPU
		{683CF269-1F05-4C9B-9DCC-877977BC8C25}.Release|Any CPU.ActiveCfg = Release|Any CPU
		{683CF269-1F05-4C9B-9DCC-877977BC8C25}.Release|Any CPU.Build.0 = Release|Any CPU
		{40456B2A-0B05-4DF1-951E-504BB339452A}.Debug|Any CPU.ActiveCfg = Debug|Any CPU
		{40456B2A-0B05-4DF1-951E-504BB339452A}.Debug|Any CPU.Build.0 = Debug|Any CPU
		{40456B2A-0B05-4DF1-951E-504BB339452A}.Release|Any CPU.ActiveCfg = Release|Any CPU
		{40456B2A-0B05-4DF1-951E-504BB339452A}.Release|Any CPU.Build.0 = Release|Any CPU
		{A653D5D9-660D-4DB2-938C-1676F5E35033}.Debug|Any CPU.ActiveCfg = Debug|Any CPU
		{A653D5D9-660D-4DB2-938C-1676F5E35033}.Debug|Any CPU.Build.0 = Debug|Any CPU
		{A653D5D9-660D-4DB2-938C-1676F5E35033}.Release|Any CPU.ActiveCfg = Release|Any CPU
		{A653D5D9-660D-4DB2-938C-1676F5E35033}.Release|Any CPU.Build.0 = Release|Any CPU
	EndGlobalSection
	GlobalSection(SolutionProperties) = preSolution
		HideSolutionNode = FALSE
	EndGlobalSection
	GlobalSection(NestedProjects) = preSolution
		{A12A9BB7-9C80-4ED2-ADA7-A267D1D36DA4} = {0E7C422B-F8C0-433E-9E54-D3D55968222D}
		{5D0C9349-1A5B-455F-9485-0EF4860C8F62} = {7509F81A-396A-4765-AF64-F5DB3ECD227C}
		{B616E3F5-7201-4BE2-801D-6A084F77690E} = {0E7C422B-F8C0-433E-9E54-D3D55968222D}
		{39C6B719-526E-4BEF-98E6-8E48319ABF0B} = {0E7C422B-F8C0-433E-9E54-D3D55968222D}
		{0B96DC4B-9B75-4926-A583-1D049B88731E} = {0E7C422B-F8C0-433E-9E54-D3D55968222D}
		{C2D21176-2143-48C3-A364-D6ED28B0FAD7} = {0E7C422B-F8C0-433E-9E54-D3D55968222D}
		{A11F2EEA-C561-42C3-A3C0-BDBF8A8A0758} = {0E7C422B-F8C0-433E-9E54-D3D55968222D}
		{4AB97803-A149-45C0-9D8B-5E93851E296B} = {0E7C422B-F8C0-433E-9E54-D3D55968222D}
		{683CF269-1F05-4C9B-9DCC-877977BC8C25} = {0E7C422B-F8C0-433E-9E54-D3D55968222D}
		{40456B2A-0B05-4DF1-951E-504BB339452A} = {0E7C422B-F8C0-433E-9E54-D3D55968222D}
		{A653D5D9-660D-4DB2-938C-1676F5E35033} = {0E7C422B-F8C0-433E-9E54-D3D55968222D}
	EndGlobalSection
	GlobalSection(ExtensibilityGlobals) = postSolution
		SolutionGuid = {F4E56220-FEAF-467F-BFD8-59D8AA10C835}
	EndGlobalSection
EndGlobal
